
Microsoft Visual Studio Solution File, Format Version 12.00
# Visual Studio 15
VisualStudioVersion = 15.0.26730.8
MinimumVisualStudioVersion = 10.0.40219.1
Project("{8BC9CEB8-8B4A-11D0-8D11-00A0C91BC942}") = "Orbit", "Orbit\Orbit.vcxproj", "{55A71E9D-1CB3-4D7F-8FCE-6C51BA22B868}"
EndProject
Global
	GlobalSection(SolutionConfigurationPlatforms) = preSolution
		Debug|x64 = Debug|x64
		Release|x64 = Release|x64
	EndGlobalSection
	GlobalSection(ProjectConfigurationPlatforms) = postSolution
		{55A71E9D-1CB3-4D7F-8FCE-6C51BA22B868}.Debug|x64.ActiveCfg = Debug|x64
		{55A71E9D-1CB3-4D7F-8FCE-6C51BA22B868}.Debug|x64.Build.0 = Debug|x64
		{55A71E9D-1CB3-4D7F-8FCE-6C51BA22B868}.Release|x64.ActiveCfg = Release|x64
		{55A71E9D-1CB3-4D7F-8FCE-6C51BA22B868}.Release|x64.Build.0 = Release|x64
	EndGlobalSection
	GlobalSection(SolutionProperties) = preSolution
		HideSolutionNode = FALSE
	EndGlobalSection
	GlobalSection(ExtensibilityGlobals) = postSolution
		SolutionGuid = {CA7A1273-EAF5-4C9E-BFE2-F1E7382F1101}
	EndGlobalSection
EndGlobal
