
Microsoft Visual Studio Solution File, Format Version 12.00
# Visual Studio 15
VisualStudioVersion = 15.0.26730.8
MinimumVisualStudioVersion = 10.0.40219.1
Project("{8BC9CEB8-8B4A-11D0-8D11-00A0C91BC942}") = "Orbit", "Orbit\Orbit.vcxproj", "{55A71E9D-1CB3-4D7F-8FCE-6C51BA22B868}"
	ProjectSection(ProjectDependencies) = postProject
		{070C10AE-2DCB-4589-8369-27B485BD9DB5} = {070C10AE-2DCB-4589-8369-27B485BD9DB5}
	EndProjectSection
EndProject
Project("{8BC9CEB8-8B4A-11D0-8D11-00A0C91BC942}") = "OrbitMain", "OrbitMain\OrbitMain.vcxproj", "{070C10AE-2DCB-4589-8369-27B485BD9DB5}"
	ProjectSection(ProjectDependencies) = postProject
		{FC4F14E5-8833-4CF0-87D2-7A8FC8A8ECB0} = {FC4F14E5-8833-4CF0-87D2-7A8FC8A8ECB0}
	EndProjectSection
EndProject
Project("{8BC9CEB8-8B4A-11D0-8D11-00A0C91BC942}") = "OrbitCore", "OrbitCore\OrbitCore.vcxproj", "{FC4F14E5-8833-4CF0-87D2-7A8FC8A8ECB0}"
EndProject
Global
	GlobalSection(SolutionConfigurationPlatforms) = preSolution
		Debug|x64 = Debug|x64
		Debug|x86 = Debug|x86
		Release|x64 = Release|x64
		Release|x86 = Release|x86
	EndGlobalSection
	GlobalSection(ProjectConfigurationPlatforms) = postSolution
		{55A71E9D-1CB3-4D7F-8FCE-6C51BA22B868}.Debug|x64.ActiveCfg = Debug|x64
		{55A71E9D-1CB3-4D7F-8FCE-6C51BA22B868}.Debug|x64.Build.0 = Debug|x64
		{55A71E9D-1CB3-4D7F-8FCE-6C51BA22B868}.Debug|x86.ActiveCfg = Debug|x64
		{55A71E9D-1CB3-4D7F-8FCE-6C51BA22B868}.Release|x64.ActiveCfg = Release|x64
		{55A71E9D-1CB3-4D7F-8FCE-6C51BA22B868}.Release|x64.Build.0 = Release|x64
		{55A71E9D-1CB3-4D7F-8FCE-6C51BA22B868}.Release|x86.ActiveCfg = Release|x64
		{070C10AE-2DCB-4589-8369-27B485BD9DB5}.Debug|x64.ActiveCfg = Debug|x64
		{070C10AE-2DCB-4589-8369-27B485BD9DB5}.Debug|x64.Build.0 = Debug|x64
		{070C10AE-2DCB-4589-8369-27B485BD9DB5}.Debug|x86.ActiveCfg = Debug|Win32
		{070C10AE-2DCB-4589-8369-27B485BD9DB5}.Debug|x86.Build.0 = Debug|Win32
		{070C10AE-2DCB-4589-8369-27B485BD9DB5}.Release|x64.ActiveCfg = Release|x64
		{070C10AE-2DCB-4589-8369-27B485BD9DB5}.Release|x64.Build.0 = Release|x64
		{070C10AE-2DCB-4589-8369-27B485BD9DB5}.Release|x86.ActiveCfg = Release|Win32
		{070C10AE-2DCB-4589-8369-27B485BD9DB5}.Release|x86.Build.0 = Release|Win32
		{FC4F14E5-8833-4CF0-87D2-7A8FC8A8ECB0}.Debug|x64.ActiveCfg = Debug|x64
		{FC4F14E5-8833-4CF0-87D2-7A8FC8A8ECB0}.Debug|x64.Build.0 = Debug|x64
		{FC4F14E5-8833-4CF0-87D2-7A8FC8A8ECB0}.Debug|x86.ActiveCfg = Debug|Win32
		{FC4F14E5-8833-4CF0-87D2-7A8FC8A8ECB0}.Debug|x86.Build.0 = Debug|Win32
		{FC4F14E5-8833-4CF0-87D2-7A8FC8A8ECB0}.Release|x64.ActiveCfg = Release|x64
		{FC4F14E5-8833-4CF0-87D2-7A8FC8A8ECB0}.Release|x64.Build.0 = Release|x64
		{FC4F14E5-8833-4CF0-87D2-7A8FC8A8ECB0}.Release|x86.ActiveCfg = Release|Win32
		{FC4F14E5-8833-4CF0-87D2-7A8FC8A8ECB0}.Release|x86.Build.0 = Release|Win32
	EndGlobalSection
	GlobalSection(SolutionProperties) = preSolution
		HideSolutionNode = FALSE
	EndGlobalSection
	GlobalSection(ExtensibilityGlobals) = postSolution
		SolutionGuid = {CA7A1273-EAF5-4C9E-BFE2-F1E7382F1101}
	EndGlobalSection
EndGlobal
