<?xml version="1.0" encoding="utf-8"?>
<Project ToolsVersion="4.0" xmlns="http://schemas.microsoft.com/developer/msbuild/2003">
  <ItemGroup>
    <Filter Include="Source Files">
      <UniqueIdentifier>{4FC737F1-C7A5-4376-A066-2A32D752A2FF}</UniqueIdentifier>
      <Extensions>cpp;c;cc;cxx;def;odl;idl;hpj;bat;asm;asmx</Extensions>
    </Filter>
    <Filter Include="Header Files">
      <UniqueIdentifier>{93995380-89BD-4b04-88EB-625FBE52EBFB}</UniqueIdentifier>
      <Extensions>h;hh;hpp;hxx;hm;inl;inc;xsd</Extensions>
    </Filter>
    <Filter Include="Resource Files">
      <UniqueIdentifier>{67DA6AB6-F800-4c08-8B7A-83BB121AAD01}</UniqueIdentifier>
      <Extensions>rc;ico;cur;bmp;dlg;rc2;rct;bin;rgs;gif;jpg;jpeg;jpe;resx;tiff;tif;png;wav;mfcribbon-ms</Extensions>
    </Filter>
    <Filter Include="Header Files\Game">
      <UniqueIdentifier>{b0cd3a42-dace-4d73-8e4b-be52a62dffbe}</UniqueIdentifier>
    </Filter>
    <Filter Include="Header Files\Game\CompositeTree">
      <UniqueIdentifier>{8a496266-ac48-4ecf-b793-7443a9c75be6}</UniqueIdentifier>
    </Filter>
    <Filter Include="Source Files\Game">
      <UniqueIdentifier>{e97821f7-b394-40ee-b098-505025983224}</UniqueIdentifier>
    </Filter>
    <Filter Include="Source Files\Game\CompositeTree">
      <UniqueIdentifier>{5bafbbd3-9e07-437b-a53b-f78f7e81406c}</UniqueIdentifier>
    </Filter>
    <Filter Include="Header Files\Input">
      <UniqueIdentifier>{e2b6e4c4-69e0-4f4e-9536-9420efbd634b}</UniqueIdentifier>
    </Filter>
    <Filter Include="Source Files\Input">
      <UniqueIdentifier>{a590f0c4-8cb1-4146-813d-5c59771f375e}</UniqueIdentifier>
    </Filter>
  </ItemGroup>
  <ItemGroup>
    <ClInclude Include="include\Game\CompositeTree\CompositeNode.h">
      <Filter>Header Files\Game\CompositeTree</Filter>
    </ClInclude>
    <ClInclude Include="include\Game\CompositeTree\Node.h">
      <Filter>Header Files\Game\CompositeTree</Filter>
    </ClInclude>
    <ClInclude Include="include\Game\CompositeTree\CompositeTree.h">
      <Filter>Header Files\Game\CompositeTree</Filter>
    </ClInclude>
    <ClInclude Include="include\Input\Window.h">
      <Filter>Header Files\Input</Filter>
    </ClInclude>
  </ItemGroup>
  <ItemGroup>
    <ClCompile Include="src\Game\CompositeTree\Node.cpp">
      <Filter>Source Files\Game\CompositeTree</Filter>
    </ClCompile>
    <ClCompile Include="src\Game\CompositeTree\CompositeNode.cpp">
      <Filter>Source Files\Game\CompositeTree</Filter>
    </ClCompile>
    <ClCompile Include="src\main.cpp">
      <Filter>Source Files</Filter>
    </ClCompile>
    <ClCompile Include="src\Game\CompositeTree\CompositeTree.cpp">
      <Filter>Source Files\Game\CompositeTree</Filter>
    </ClCompile>
    <ClCompile Include="src\Input\Window.cpp">
      <Filter>Source Files\Input</Filter>
    </ClCompile>
  </ItemGroup>
</Project>