<?xml version="1.0" encoding="utf-8"?>
<Project ToolsVersion="4.0" xmlns="http://schemas.microsoft.com/developer/msbuild/2003">
  <ItemGroup>
    <Filter Include="Source Files">
      <UniqueIdentifier>{4FC737F1-C7A5-4376-A066-2A32D752A2FF}</UniqueIdentifier>
      <Extensions>cpp;c;cc;cxx;def;odl;idl;hpj;bat;asm;asmx</Extensions>
    </Filter>
    <Filter Include="Header Files">
      <UniqueIdentifier>{93995380-89BD-4b04-88EB-625FBE52EBFB}</UniqueIdentifier>
      <Extensions>h;hh;hpp;hxx;hm;inl;inc;xsd</Extensions>
    </Filter>
    <Filter Include="Resource Files">
      <UniqueIdentifier>{67DA6AB6-F800-4c08-8B7A-83BB121AAD01}</UniqueIdentifier>
      <Extensions>rc;ico;cur;bmp;dlg;rc2;rct;bin;rgs;gif;jpg;jpeg;jpe;resx;tiff;tif;png;wav;mfcribbon-ms</Extensions>
    </Filter>
    <Filter Include="Header Files\Scenes">
      <UniqueIdentifier>{f8dc22ad-be73-4d62-8927-1f0a9aeb768a}</UniqueIdentifier>
    </Filter>
    <Filter Include="Source Files\Scenes">
      <UniqueIdentifier>{5a8eb9e1-118f-4302-a45b-4a3e307b0b80}</UniqueIdentifier>
    </Filter>
    <Filter Include="Header Files\Nodes">
      <UniqueIdentifier>{a9563440-efed-4a02-9893-66adba3e93c6}</UniqueIdentifier>
    </Filter>
    <Filter Include="Source Files\Nodes">
      <UniqueIdentifier>{990955d8-9d45-420b-81d2-f01f65fba174}</UniqueIdentifier>
    </Filter>
    <Filter Include="Header Files\Factories">
      <UniqueIdentifier>{b9a82999-255a-43ad-980e-125ffd6d5c50}</UniqueIdentifier>
    </Filter>
    <Filter Include="Source Files\Factories">
      <UniqueIdentifier>{7ead46f2-f7ca-4102-bb7d-287e865a410f}</UniqueIdentifier>
    </Filter>
  </ItemGroup>
  <ItemGroup>
    <ClCompile Include="src\OrbitMainModule.cpp">
      <Filter>Source Files</Filter>
    </ClCompile>
    <ClCompile Include="src\Scenes\LoadScene.cpp">
      <Filter>Source Files\Scenes</Filter>
    </ClCompile>
    <ClCompile Include="src\Nodes\TestNode.cpp">
      <Filter>Source Files\Nodes</Filter>
    </ClCompile>
    <ClCompile Include="src\Factories\TestNodeFactory.cpp">
      <Filter>Source Files\Factories</Filter>
    </ClCompile>
    <ClCompile Include="src\Factories\TestNode2Factory.cpp">
      <Filter>Source Files\Factories</Filter>
    </ClCompile>
    <ClCompile Include="src\Nodes\TestNode2.cpp">
      <Filter>Source Files\Nodes</Filter>
    </ClCompile>
  </ItemGroup>
  <ItemGroup>
    <ClInclude Include="include\OrbitMainModule.h">
      <Filter>Header Files</Filter>
    </ClInclude>
    <ClInclude Include="include\Scenes\LoadScene.h">
      <Filter>Header Files\Scenes</Filter>
    </ClInclude>
    <ClInclude Include="include\Nodes\TestNode.h">
      <Filter>Header Files\Nodes</Filter>
    </ClInclude>
    <ClInclude Include="include\Factories\TestNodeFactory.h">
      <Filter>Header Files\Factories</Filter>
    </ClInclude>
    <ClInclude Include="include\Nodes\TestNode2.h">
      <Filter>Header Files\Nodes</Filter>
    </ClInclude>
    <ClInclude Include="include\Factories\TestNode2Factory.h">
      <Filter>Header Files\Factories</Filter>
    </ClInclude>
  </ItemGroup>
</Project>